
Microsoft Visual Studio Solution File, Format Version 12.00
# Visual Studio 15
VisualStudioVersion = 15.0.28307.329
MinimumVisualStudioVersion = 10.0.40219.1
Project("{FAE04EC0-301F-11D3-BF4B-00C04F79EFBC}") = "Vidly", "Vidly\Vidly.csproj", "{DD4A79F9-CE24-4C51-B8E4-238245DED74A}"
EndProject
Global
	GlobalSection(SolutionConfigurationPlatforms) = preSolution
		Debug|Any CPU = Debug|Any CPU
		Release|Any CPU = Release|Any CPU
	EndGlobalSection
	GlobalSection(ProjectConfigurationPlatforms) = postSolution
		{DD4A79F9-CE24-4C51-B8E4-238245DED74A}.Debug|Any CPU.ActiveCfg = Debug|Any CPU
		{DD4A79F9-CE24-4C51-B8E4-238245DED74A}.Debug|Any CPU.Build.0 = Debug|Any CPU
		{DD4A79F9-CE24-4C51-B8E4-238245DED74A}.Release|Any CPU.ActiveCfg = Release|Any CPU
		{DD4A79F9-CE24-4C51-B8E4-238245DED74A}.Release|Any CPU.Build.0 = Release|Any CPU
	EndGlobalSection
	GlobalSection(SolutionProperties) = preSolution
		HideSolutionNode = FALSE
	EndGlobalSection
	GlobalSection(ExtensibilityGlobals) = postSolution
		SolutionGuid = {C86118EF-6D21-498A-A747-4F09561CA735}
	EndGlobalSection
EndGlobal
